
Microsoft Visual Studio Solution File, Format Version 12.00
# Visual Studio 15
VisualStudioVersion = 15.0.26730.15
MinimumVisualStudioVersion = 10.0.40219.1
Project("{9A19103F-16F7-4668-BE54-9A1E7A4F7556}") = "CoreBlog", "CoreBlog\CoreBlog.csproj", "{CD06DEAC-63F4-4349-8E7C-8CF299D41B40}"
EndProject
Project("{9A19103F-16F7-4668-BE54-9A1E7A4F7556}") = "CoreBlog.Constants", "CoreBlog.Constants\CoreBlog.Constants.csproj", "{32B05853-ADBA-46DA-9B5B-74F96DC113CA}"
EndProject
Project("{9A19103F-16F7-4668-BE54-9A1E7A4F7556}") = "CoreBlog.Test", "CoreBlog.Test\CoreBlog.Test.csproj", "{7193A183-8D7A-4484-A149-0C8E0207DDF9}"
EndProject
Project("{9A19103F-16F7-4668-BE54-9A1E7A4F7556}") = "CoreBlog.Utilities", "CoreBlog.Utilities\CoreBlog.Utilities.csproj", "{48BDBD49-0148-4BF7-A707-6CC37D890658}"
EndProject
Project("{FAE04EC0-301F-11D3-BF4B-00C04F79EFBC}") = "CoreBlog.SQLDBProvider", "CoreBlog.SQLDBProvider\CoreBlog.SQLDBProvider.csproj", "{65DEC69F-8F8A-402A-98C8-F67291F0ABC9}"
EndProject
Global
	GlobalSection(SolutionConfigurationPlatforms) = preSolution
		Debug|Any CPU = Debug|Any CPU
		Release|Any CPU = Release|Any CPU
	EndGlobalSection
	GlobalSection(ProjectConfigurationPlatforms) = postSolution
		{CD06DEAC-63F4-4349-8E7C-8CF299D41B40}.Debug|Any CPU.ActiveCfg = Debug|Any CPU
		{CD06DEAC-63F4-4349-8E7C-8CF299D41B40}.Debug|Any CPU.Build.0 = Debug|Any CPU
		{CD06DEAC-63F4-4349-8E7C-8CF299D41B40}.Release|Any CPU.ActiveCfg = Release|Any CPU
		{CD06DEAC-63F4-4349-8E7C-8CF299D41B40}.Release|Any CPU.Build.0 = Release|Any CPU
		{32B05853-ADBA-46DA-9B5B-74F96DC113CA}.Debug|Any CPU.ActiveCfg = Debug|Any CPU
		{32B05853-ADBA-46DA-9B5B-74F96DC113CA}.Debug|Any CPU.Build.0 = Debug|Any CPU
		{32B05853-ADBA-46DA-9B5B-74F96DC113CA}.Release|Any CPU.ActiveCfg = Release|Any CPU
		{32B05853-ADBA-46DA-9B5B-74F96DC113CA}.Release|Any CPU.Build.0 = Release|Any CPU
		{7193A183-8D7A-4484-A149-0C8E0207DDF9}.Debug|Any CPU.ActiveCfg = Debug|Any CPU
		{7193A183-8D7A-4484-A149-0C8E0207DDF9}.Debug|Any CPU.Build.0 = Debug|Any CPU
		{7193A183-8D7A-4484-A149-0C8E0207DDF9}.Release|Any CPU.ActiveCfg = Release|Any CPU
		{7193A183-8D7A-4484-A149-0C8E0207DDF9}.Release|Any CPU.Build.0 = Release|Any CPU
		{48BDBD49-0148-4BF7-A707-6CC37D890658}.Debug|Any CPU.ActiveCfg = Debug|Any CPU
		{48BDBD49-0148-4BF7-A707-6CC37D890658}.Debug|Any CPU.Build.0 = Debug|Any CPU
		{48BDBD49-0148-4BF7-A707-6CC37D890658}.Release|Any CPU.ActiveCfg = Release|Any CPU
		{48BDBD49-0148-4BF7-A707-6CC37D890658}.Release|Any CPU.Build.0 = Release|Any CPU
		{65DEC69F-8F8A-402A-98C8-F67291F0ABC9}.Debug|Any CPU.ActiveCfg = Debug|Any CPU
		{65DEC69F-8F8A-402A-98C8-F67291F0ABC9}.Debug|Any CPU.Build.0 = Debug|Any CPU
		{65DEC69F-8F8A-402A-98C8-F67291F0ABC9}.Release|Any CPU.ActiveCfg = Release|Any CPU
		{65DEC69F-8F8A-402A-98C8-F67291F0ABC9}.Release|Any CPU.Build.0 = Release|Any CPU
	EndGlobalSection
	GlobalSection(SolutionProperties) = preSolution
		HideSolutionNode = FALSE
	EndGlobalSection
	GlobalSection(ExtensibilityGlobals) = postSolution
		SolutionGuid = {4575B386-986A-4118-97E5-B6F8D4B36374}
	EndGlobalSection
EndGlobal
